<?xml version="1.0" encoding="utf-8"?>
<Project ToolsVersion="4.0" xmlns="http://schemas.microsoft.com/developer/msbuild/2003">
  <ItemGroup>
    <ClCompile Include="DriverMapping.cpp" />
    <ClCompile Include="intel_driver.cpp">
      <Filter>Mapping</Filter>
    </ClCompile>
    <ClCompile Include="kdmapper.cpp">
      <Filter>Mapping</Filter>
    </ClCompile>
    <ClCompile Include="portable_executable.cpp">
      <Filter>Mapping</Filter>
    </ClCompile>
    <ClCompile Include="service.cpp">
      <Filter>Mapping</Filter>
    </ClCompile>
    <ClCompile Include="utils.cpp">
      <Filter>Mapping</Filter>
    </ClCompile>
    <ClCompile Include="..\ImGui\imgui.cpp">
      <Filter>ImGui</Filter>
    </ClCompile>
    <ClCompile Include="..\ImGui\imgui_demo.cpp">
      <Filter>ImGui</Filter>
    </ClCompile>
    <ClCompile Include="..\ImGui\imgui_draw.cpp">
      <Filter>ImGui</Filter>
    </ClCompile>
    <ClCompile Include="..\ImGui\imgui_impl_dx9.cpp">
      <Filter>ImGui</Filter>
    </ClCompile>
    <ClCompile Include="..\ImGui\imgui_impl_win32.cpp">
      <Filter>ImGui</Filter>
    </ClCompile>
    <ClCompile Include="..\ImGui\imgui_tables.cpp">
      <Filter>ImGui</Filter>
    </ClCompile>
    <ClCompile Include="..\ImGui\imgui_widgets.cpp">
      <Filter>ImGui</Filter>
    </ClCompile>
    <ClCompile Include="..\Menu\main.cpp">
      <Filter>Menu</Filter>
    </ClCompile>
    <ClCompile Include="..\Menu\menu.cpp">
      <Filter>Menu</Filter>
    </ClCompile>
    <ClCompile Include="..\injector.cpp" />
    <ClCompile Include="..\sha1.cpp" />
  </ItemGroup>
  <ItemGroup>
    <ClInclude Include="intel_driver.hpp">
      <Filter>Mapping</Filter>
    </ClInclude>
    <ClInclude Include="intel_driver_resource.hpp">
      <Filter>Mapping</Filter>
    </ClInclude>
    <ClInclude Include="kdmapper.hpp">
      <Filter>Mapping</Filter>
    </ClInclude>
    <ClInclude Include="nt.hpp">
      <Filter>Mapping</Filter>
    </ClInclude>
    <ClInclude Include="portable_executable.hpp">
      <Filter>Mapping</Filter>
    </ClInclude>
    <ClInclude Include="service.hpp">
      <Filter>Mapping</Filter>
    </ClInclude>
    <ClInclude Include="utils.hpp">
      <Filter>Mapping</Filter>
    </ClInclude>
    <ClInclude Include="..\ImGui\imconfig.h">
      <Filter>ImGui</Filter>
    </ClInclude>
    <ClInclude Include="..\ImGui\imgui.h">
      <Filter>ImGui</Filter>
    </ClInclude>
    <ClInclude Include="..\ImGui\imgui_impl_dx9.h">
      <Filter>ImGui</Filter>
    </ClInclude>
    <ClInclude Include="..\ImGui\imgui_impl_win32.h">
      <Filter>ImGui</Filter>
    </ClInclude>
    <ClInclude Include="..\ImGui\imgui_internal.h">
      <Filter>ImGui</Filter>
    </ClInclude>
    <ClInclude Include="..\ImGui\imstb_rectpack.h">
      <Filter>ImGui</Filter>
    </ClInclude>
    <ClInclude Include="..\ImGui\imstb_textedit.h">
      <Filter>ImGui</Filter>
    </ClInclude>
    <ClInclude Include="..\ImGui\imstb_truetype.h">
      <Filter>ImGui</Filter>
    </ClInclude>
    <ClInclude Include="..\Menu\menu.h">
      <Filter>Menu</Filter>
    </ClInclude>
    <ClInclude Include="..\crypt_str.h" />
    <ClInclude Include="..\globals.h" />
    <ClInclude Include="..\injector.h" />
    <ClInclude Include="TempFiles.h" />
    <ClInclude Include="..\sha1.h" />
  </ItemGroup>
  <ItemGroup>
    <Filter Include="Mapping">
      <UniqueIdentifier>{95fe1130-bb91-467c-915f-28b917baea57}</UniqueIdentifier>
    </Filter>
    <Filter Include="ImGui">
      <UniqueIdentifier>{0c01127c-5d18-4f0e-8e13-52012227cf7d}</UniqueIdentifier>
    </Filter>
    <Filter Include="Menu">
      <UniqueIdentifier>{ed5b9081-f6b5-4470-95b9-b7b3925b38d2}</UniqueIdentifier>
    </Filter>
  </ItemGroup>
</Project>